
Microsoft Visual Studio Solution File, Format Version 12.00
# Visual Studio Version 17
VisualStudioVersion = 17.4.33122.133
MinimumVisualStudioVersion = 10.0.40219.1
Project("{9A19103F-16F7-4668-BE54-9A1E7A4F7556}") = "oop3_1", "oop3_1\oop3_1.csproj", "{7712D168-EEA6-4B87-BC59-6946E1ABD0E2}"
EndProject
Project("{FAE04EC0-301F-11D3-BF4B-00C04F79EFBC}") = "TestsTransport", "TestsTransport\TestsTransport.csproj", "{427E060B-E6EE-483F-AAB0-733DF69497C8}"
EndProject
Global
	GlobalSection(SolutionConfigurationPlatforms) = preSolution
		Debug|Any CPU = Debug|Any CPU
		Release|Any CPU = Release|Any CPU
	EndGlobalSection
	GlobalSection(ProjectConfigurationPlatforms) = postSolution
		{7712D168-EEA6-4B87-BC59-6946E1ABD0E2}.Debug|Any CPU.ActiveCfg = Debug|Any CPU
		{7712D168-EEA6-4B87-BC59-6946E1ABD0E2}.Debug|Any CPU.Build.0 = Debug|Any CPU
		{7712D168-EEA6-4B87-BC59-6946E1ABD0E2}.Release|Any CPU.ActiveCfg = Release|Any CPU
		{7712D168-EEA6-4B87-BC59-6946E1ABD0E2}.Release|Any CPU.Build.0 = Release|Any CPU
		{427E060B-E6EE-483F-AAB0-733DF69497C8}.Debug|Any CPU.ActiveCfg = Debug|Any CPU
		{427E060B-E6EE-483F-AAB0-733DF69497C8}.Debug|Any CPU.Build.0 = Debug|Any CPU
		{427E060B-E6EE-483F-AAB0-733DF69497C8}.Release|Any CPU.ActiveCfg = Release|Any CPU
		{427E060B-E6EE-483F-AAB0-733DF69497C8}.Release|Any CPU.Build.0 = Release|Any CPU
	EndGlobalSection
	GlobalSection(SolutionProperties) = preSolution
		HideSolutionNode = FALSE
	EndGlobalSection
	GlobalSection(ExtensibilityGlobals) = postSolution
		SolutionGuid = {F9B46513-2EEE-4A75-BF2F-444AE397CC3E}
	EndGlobalSection
EndGlobal
